// !$*UTF8*$!
{
	archiveVersion = 1;
	classes = {
	};
	objectVersion = 56;
	objects = {

/* Begin PBXBuildFile section */
		EB7021CB2AE68B6C00D9728F /* Assets.xcassets in Resources */ = {isa = PBXBuildFile; fileRef = EB7021CA2AE68B6C00D9728F /* Assets.xcassets */; };
		EB7021CE2AE68B6C00D9728F /* Preview Assets.xcassets in Resources */ = {isa = PBXBuildFile; fileRef = EB7021CD2AE68B6C00D9728F /* Preview Assets.xcassets */; };
		EB7021F82AE68C1900D9728F /* FireFocusApp.swift in Sources */ = {isa = PBXBuildFile; fileRef = EB7021EC2AE68C1900D9728F /* FireFocusApp.swift */; };
		EB7021F92AE68C1900D9728F /* ContentView.swift in Sources */ = {isa = PBXBuildFile; fileRef = EB7021ED2AE68C1900D9728F /* ContentView.swift */; };
		EB7021FA2AE68C1900D9728F /* Session.swift in Sources */ = {isa = PBXBuildFile; fileRef = EB7021EE2AE68C1900D9728F /* Session.swift */; };
		EB7021FB2AE68C1900D9728F /* SessionButtonView.swift in Sources */ = {isa = PBXBuildFile; fileRef = EB7021EF2AE68C1900D9728F /* SessionButtonView.swift */; };
		EB7021FC2AE68C1900D9728F /* SessionView.swift in Sources */ = {isa = PBXBuildFile; fileRef = EB7021F02AE68C1900D9728F /* SessionView.swift */; };
		EB7021FD2AE68C1900D9728F /* roundedSection.swift in Sources */ = {isa = PBXBuildFile; fileRef = EB7021F12AE68C1900D9728F /* roundedSection.swift */; };
		EB7021FE2AE68C1900D9728F /* CircularProgressView.swift in Sources */ = {isa = PBXBuildFile; fileRef = EB7021F22AE68C1900D9728F /* CircularProgressView.swift */; };
		EB7021FF2AE68C1900D9728F /* HistoryView.swift in Sources */ = {isa = PBXBuildFile; fileRef = EB7021F32AE68C1900D9728F /* HistoryView.swift */; };
		EB7022002AE68C1900D9728F /* FocusView.swift in Sources */ = {isa = PBXBuildFile; fileRef = EB7021F42AE68C1900D9728F /* FocusView.swift */; };
		EB7022012AE68C1900D9728F /* EditTimeView.swift in Sources */ = {isa = PBXBuildFile; fileRef = EB7021F52AE68C1900D9728F /* EditTimeView.swift */; };
		EB7022022AE68C1900D9728F /* NewFocusView.swift in Sources */ = {isa = PBXBuildFile; fileRef = EB7021F62AE68C1900D9728F /* NewFocusView.swift */; };
		EB7022032AE68C1900D9728F /* Focus.swift in Sources */ = {isa = PBXBuildFile; fileRef = EB7021F72AE68C1900D9728F /* Focus.swift */; };
		EB7022062AE68C4100D9728F /* MCEmojiPicker in Frameworks */ = {isa = PBXBuildFile; productRef = EB7022052AE68C4100D9728F /* MCEmojiPicker */; };
/* End PBXBuildFile section */

/* Begin PBXFileReference section */
		EB7021C32AE68B6A00D9728F /* FieryFocus.app */ = {isa = PBXFileReference; explicitFileType = wrapper.application; includeInIndex = 0; path = FieryFocus.app; sourceTree = BUILT_PRODUCTS_DIR; };
		EB7021CA2AE68B6C00D9728F /* Assets.xcassets */ = {isa = PBXFileReference; lastKnownFileType = folder.assetcatalog; path = Assets.xcassets; sourceTree = "<group>"; };
		EB7021CD2AE68B6C00D9728F /* Preview Assets.xcassets */ = {isa = PBXFileReference; lastKnownFileType = folder.assetcatalog; path = "Preview Assets.xcassets"; sourceTree = "<group>"; };
		EB7021EC2AE68C1900D9728F /* FireFocusApp.swift */ = {isa = PBXFileReference; fileEncoding = 4; lastKnownFileType = sourcecode.swift; path = FireFocusApp.swift; sourceTree = "<group>"; };
		EB7021ED2AE68C1900D9728F /* ContentView.swift */ = {isa = PBXFileReference; fileEncoding = 4; lastKnownFileType = sourcecode.swift; path = ContentView.swift; sourceTree = "<group>"; };
		EB7021EE2AE68C1900D9728F /* Session.swift */ = {isa = PBXFileReference; fileEncoding = 4; lastKnownFileType = sourcecode.swift; path = Session.swift; sourceTree = "<group>"; };
		EB7021EF2AE68C1900D9728F /* SessionButtonView.swift */ = {isa = PBXFileReference; fileEncoding = 4; lastKnownFileType = sourcecode.swift; path = SessionButtonView.swift; sourceTree = "<group>"; };
		EB7021F02AE68C1900D9728F /* SessionView.swift */ = {isa = PBXFileReference; fileEncoding = 4; lastKnownFileType = sourcecode.swift; path = SessionView.swift; sourceTree = "<group>"; };
		EB7021F12AE68C1900D9728F /* roundedSection.swift */ = {isa = PBXFileReference; fileEncoding = 4; lastKnownFileType = sourcecode.swift; path = roundedSection.swift; sourceTree = "<group>"; };
		EB7021F22AE68C1900D9728F /* CircularProgressView.swift */ = {isa = PBXFileReference; fileEncoding = 4; lastKnownFileType = sourcecode.swift; path = CircularProgressView.swift; sourceTree = "<group>"; };
		EB7021F32AE68C1900D9728F /* HistoryView.swift */ = {isa = PBXFileReference; fileEncoding = 4; lastKnownFileType = sourcecode.swift; path = HistoryView.swift; sourceTree = "<group>"; };
		EB7021F42AE68C1900D9728F /* FocusView.swift */ = {isa = PBXFileReference; fileEncoding = 4; lastKnownFileType = sourcecode.swift; path = FocusView.swift; sourceTree = "<group>"; };
		EB7021F52AE68C1900D9728F /* EditTimeView.swift */ = {isa = PBXFileReference; fileEncoding = 4; lastKnownFileType = sourcecode.swift; path = EditTimeView.swift; sourceTree = "<group>"; };
		EB7021F62AE68C1900D9728F /* NewFocusView.swift */ = {isa = PBXFileReference; fileEncoding = 4; lastKnownFileType = sourcecode.swift; path = NewFocusView.swift; sourceTree = "<group>"; };
		EB7021F72AE68C1900D9728F /* Focus.swift */ = {isa = PBXFileReference; fileEncoding = 4; lastKnownFileType = sourcecode.swift; path = Focus.swift; sourceTree = "<group>"; };
/* End PBXFileReference section */

/* Begin PBXFrameworksBuildPhase section */
		EB7021C02AE68B6A00D9728F /* Frameworks */ = {
			isa = PBXFrameworksBuildPhase;
			buildActionMask = 2147483647;
			files = (
				EB7022062AE68C4100D9728F /* MCEmojiPicker in Frameworks */,
			);
			runOnlyForDeploymentPostprocessing = 0;
		};
/* End PBXFrameworksBuildPhase section */

/* Begin PBXGroup section */
		EB7021BA2AE68B6A00D9728F = {
			isa = PBXGroup;
			children = (
				EB7021C52AE68B6A00D9728F /* FireFocus */,
				EB7021C42AE68B6A00D9728F /* Products */,
			);
			sourceTree = "<group>";
		};
		EB7021C42AE68B6A00D9728F /* Products */ = {
			isa = PBXGroup;
			children = (
				EB7021C32AE68B6A00D9728F /* FieryFocus.app */,
			);
			name = Products;
			sourceTree = "<group>";
		};
		EB7021C52AE68B6A00D9728F /* FireFocus */ = {
			isa = PBXGroup;
			children = (
				EB7021EC2AE68C1900D9728F /* FireFocusApp.swift */,
				EB7021ED2AE68C1900D9728F /* ContentView.swift */,
				EB7021F42AE68C1900D9728F /* FocusView.swift */,
				EB7021F32AE68C1900D9728F /* HistoryView.swift */,
				EB7021F62AE68C1900D9728F /* NewFocusView.swift */,
				EB7021F52AE68C1900D9728F /* EditTimeView.swift */,
				EBE36CC02AE6C8E200670A59 /* Extension */,
				EBE36CBF2AE6C8B300670A59 /* SubView */,
				EBE36CBE2AE6C89300670A59 /* Object */,
				EB7021CA2AE68B6C00D9728F /* Assets.xcassets */,
				EB7021CC2AE68B6C00D9728F /* Preview Content */,
			);
			path = FireFocus;
			sourceTree = "<group>";
		};
		EB7021CC2AE68B6C00D9728F /* Preview Content */ = {
			isa = PBXGroup;
			children = (
				EB7021CD2AE68B6C00D9728F /* Preview Assets.xcassets */,
			);
			path = "Preview Content";
			sourceTree = "<group>";
		};
		EBE36CBE2AE6C89300670A59 /* Object */ = {
			isa = PBXGroup;
			children = (
				EB7021F72AE68C1900D9728F /* Focus.swift */,
				EB7021EE2AE68C1900D9728F /* Session.swift */,
			);
			path = Object;
			sourceTree = "<group>";
		};
		EBE36CBF2AE6C8B300670A59 /* SubView */ = {
			isa = PBXGroup;
			children = (
				EB7021F02AE68C1900D9728F /* SessionView.swift */,
				EB7021EF2AE68C1900D9728F /* SessionButtonView.swift */,
				EB7021F22AE68C1900D9728F /* CircularProgressView.swift */,
			);
			path = SubView;
			sourceTree = "<group>";
		};
		EBE36CC02AE6C8E200670A59 /* Extension */ = {
			isa = PBXGroup;
			children = (
				EB7021F12AE68C1900D9728F /* roundedSection.swift */,
			);
			path = Extension;
			sourceTree = "<group>";
		};
/* End PBXGroup section */

/* Begin PBXNativeTarget section */
		EB7021C22AE68B6A00D9728F /* FieryFocus */ = {
			isa = PBXNativeTarget;
			buildConfigurationList = EB7021D12AE68B6C00D9728F /* Build configuration list for PBXNativeTarget "FieryFocus" */;
			buildPhases = (
				EB7021BF2AE68B6A00D9728F /* Sources */,
				EB7021C02AE68B6A00D9728F /* Frameworks */,
				EB7021C12AE68B6A00D9728F /* Resources */,
			);
			buildRules = (
			);
			dependencies = (
			);
			name = FieryFocus;
			packageProductDependencies = (
				EB7022052AE68C4100D9728F /* MCEmojiPicker */,
			);
			productName = FireFocus;
			productReference = EB7021C32AE68B6A00D9728F /* FieryFocus.app */;
			productType = "com.apple.product-type.application";
		};
/* End PBXNativeTarget section */

/* Begin PBXProject section */
		EB7021BB2AE68B6A00D9728F /* Project object */ = {
			isa = PBXProject;
			attributes = {
				BuildIndependentTargetsInParallel = 1;
				LastSwiftUpdateCheck = 1500;
				LastUpgradeCheck = 1500;
				TargetAttributes = {
					EB7021C22AE68B6A00D9728F = {
						CreatedOnToolsVersion = 15.0.1;
						LastSwiftMigration = 1500;
					};
				};
			};
			buildConfigurationList = EB7021BE2AE68B6A00D9728F /* Build configuration list for PBXProject "FieryFocus" */;
			compatibilityVersion = "Xcode 14.0";
			developmentRegion = en;
			hasScannedForEncodings = 0;
			knownRegions = (
				en,
				Base,
			);
			mainGroup = EB7021BA2AE68B6A00D9728F;
			packageReferences = (
				EB7022042AE68C4100D9728F /* XCRemoteSwiftPackageReference "MCEmojiPicker" */,
			);
			productRefGroup = EB7021C42AE68B6A00D9728F /* Products */;
			projectDirPath = "";
			projectRoot = "";
			targets = (
				EB7021C22AE68B6A00D9728F /* FieryFocus */,
			);
		};
/* End PBXProject section */

/* Begin PBXResourcesBuildPhase section */
		EB7021C12AE68B6A00D9728F /* Resources */ = {
			isa = PBXResourcesBuildPhase;
			buildActionMask = 2147483647;
			files = (
				EB7021CE2AE68B6C00D9728F /* Preview Assets.xcassets in Resources */,
				EB7021CB2AE68B6C00D9728F /* Assets.xcassets in Resources */,
			);
			runOnlyForDeploymentPostprocessing = 0;
		};
/* End PBXResourcesBuildPhase section */

/* Begin PBXSourcesBuildPhase section */
		EB7021BF2AE68B6A00D9728F /* Sources */ = {
			isa = PBXSourcesBuildPhase;
			buildActionMask = 2147483647;
			files = (
				EB7021F92AE68C1900D9728F /* ContentView.swift in Sources */,
				EB7021FF2AE68C1900D9728F /* HistoryView.swift in Sources */,
				EB7022002AE68C1900D9728F /* FocusView.swift in Sources */,
				EB7021FD2AE68C1900D9728F /* roundedSection.swift in Sources */,
				EB7021FC2AE68C1900D9728F /* SessionView.swift in Sources */,
				EB7021FE2AE68C1900D9728F /* CircularProgressView.swift in Sources */,
				EB7022032AE68C1900D9728F /* Focus.swift in Sources */,
				EB7021FB2AE68C1900D9728F /* SessionButtonView.swift in Sources */,
				EB7022022AE68C1900D9728F /* NewFocusView.swift in Sources */,
				EB7022012AE68C1900D9728F /* EditTimeView.swift in Sources */,
				EB7021F82AE68C1900D9728F /* FireFocusApp.swift in Sources */,
				EB7021FA2AE68C1900D9728F /* Session.swift in Sources */,
			);
			runOnlyForDeploymentPostprocessing = 0;
		};
/* End PBXSourcesBuildPhase section */

/* Begin XCBuildConfiguration section */
		EB7021CF2AE68B6C00D9728F /* Debug */ = {
			isa = XCBuildConfiguration;
			buildSettings = {
				ALWAYS_SEARCH_USER_PATHS = NO;
				ASSETCATALOG_COMPILER_GENERATE_SWIFT_ASSET_SYMBOL_EXTENSIONS = YES;
				CLANG_ANALYZER_NONNULL = YES;
				CLANG_ANALYZER_NUMBER_OBJECT_CONVERSION = YES_AGGRESSIVE;
				CLANG_CXX_LANGUAGE_STANDARD = "gnu++20";
				CLANG_ENABLE_MODULES = YES;
				CLANG_ENABLE_OBJC_ARC = YES;
				CLANG_ENABLE_OBJC_WEAK = YES;
				CLANG_WARN_BLOCK_CAPTURE_AUTORELEASING = YES;
				CLANG_WARN_BOOL_CONVERSION = YES;
				CLANG_WARN_COMMA = YES;
				CLANG_WARN_CONSTANT_CONVERSION = YES;
				CLANG_WARN_DEPRECATED_OBJC_IMPLEMENTATIONS = YES;
				CLANG_WARN_DIRECT_OBJC_ISA_USAGE = YES_ERROR;
				CLANG_WARN_DOCUMENTATION_COMMENTS = YES;
				CLANG_WARN_EMPTY_BODY = YES;
				CLANG_WARN_ENUM_CONVERSION = YES;
				CLANG_WARN_INFINITE_RECURSION = YES;
				CLANG_WARN_INT_CONVERSION = YES;
				CLANG_WARN_NON_LITERAL_NULL_CONVERSION = YES;
				CLANG_WARN_OBJC_IMPLICIT_RETAIN_SELF = YES;
				CLANG_WARN_OBJC_LITERAL_CONVERSION = YES;
				CLANG_WARN_OBJC_ROOT_CLASS = YES_ERROR;
				CLANG_WARN_QUOTED_INCLUDE_IN_FRAMEWORK_HEADER = YES;
				CLANG_WARN_RANGE_LOOP_ANALYSIS = YES;
				CLANG_WARN_STRICT_PROTOTYPES = YES;
				CLANG_WARN_SUSPICIOUS_MOVE = YES;
				CLANG_WARN_UNGUARDED_AVAILABILITY = YES_AGGRESSIVE;
				CLANG_WARN_UNREACHABLE_CODE = YES;
				CLANG_WARN__DUPLICATE_METHOD_MATCH = YES;
				COPY_PHASE_STRIP = NO;
				DEBUG_INFORMATION_FORMAT = dwarf;
				ENABLE_STRICT_OBJC_MSGSEND = YES;
				ENABLE_TESTABILITY = YES;
				ENABLE_USER_SCRIPT_SANDBOXING = YES;
				GCC_C_LANGUAGE_STANDARD = gnu17;
				GCC_DYNAMIC_NO_PIC = NO;
				GCC_NO_COMMON_BLOCKS = YES;
				GCC_OPTIMIZATION_LEVEL = 0;
				GCC_PREPROCESSOR_DEFINITIONS = (
					"DEBUG=1",
					"$(inherited)",
				);
				GCC_WARN_64_TO_32_BIT_CONVERSION = YES;
				GCC_WARN_ABOUT_RETURN_TYPE = YES_ERROR;
				GCC_WARN_UNDECLARED_SELECTOR = YES;
				GCC_WARN_UNINITIALIZED_AUTOS = YES_AGGRESSIVE;
				GCC_WARN_UNUSED_FUNCTION = YES;
				GCC_WARN_UNUSED_VARIABLE = YES;
				IPHONEOS_DEPLOYMENT_TARGET = 17.0;
				LOCALIZATION_PREFERS_STRING_CATALOGS = YES;
				MTL_ENABLE_DEBUG_INFO = INCLUDE_SOURCE;
				MTL_FAST_MATH = YES;
				ONLY_ACTIVE_ARCH = YES;
				SDKROOT = iphoneos;
				SWIFT_ACTIVE_COMPILATION_CONDITIONS = "DEBUG $(inherited)";
				SWIFT_OPTIMIZATION_LEVEL = "-Onone";
			};
			name = Debug;
		};
		EB7021D02AE68B6C00D9728F /* Release */ = {
			isa = XCBuildConfiguration;
			buildSettings = {
				ALWAYS_SEARCH_USER_PATHS = NO;
				ASSETCATALOG_COMPILER_GENERATE_SWIFT_ASSET_SYMBOL_EXTENSIONS = YES;
				CLANG_ANALYZER_NONNULL = YES;
				CLANG_ANALYZER_NUMBER_OBJECT_CONVERSION = YES_AGGRESSIVE;
				CLANG_CXX_LANGUAGE_STANDARD = "gnu++20";
				CLANG_ENABLE_MODULES = YES;
				CLANG_ENABLE_OBJC_ARC = YES;
				CLANG_ENABLE_OBJC_WEAK = YES;
				CLANG_WARN_BLOCK_CAPTURE_AUTORELEASING = YES;
				CLANG_WARN_BOOL_CONVERSION = YES;
				CLANG_WARN_COMMA = YES;
				CLANG_WARN_CONSTANT_CONVERSION = YES;
				CLANG_WARN_DEPRECATED_OBJC_IMPLEMENTATIONS = YES;
				CLANG_WARN_DIRECT_OBJC_ISA_USAGE = YES_ERROR;
				CLANG_WARN_DOCUMENTATION_COMMENTS = YES;
				CLANG_WARN_EMPTY_BODY = YES;
				CLANG_WARN_ENUM_CONVERSION = YES;
				CLANG_WARN_INFINITE_RECURSION = YES;
				CLANG_WARN_INT_CONVERSION = YES;
				CLANG_WARN_NON_LITERAL_NULL_CONVERSION = YES;
				CLANG_WARN_OBJC_IMPLICIT_RETAIN_SELF = YES;
				CLANG_WARN_OBJC_LITERAL_CONVERSION = YES;
				CLANG_WARN_OBJC_ROOT_CLASS = YES_ERROR;
				CLANG_WARN_QUOTED_INCLUDE_IN_FRAMEWORK_HEADER = YES;
				CLANG_WARN_RANGE_LOOP_ANALYSIS = YES;
				CLANG_WARN_STRICT_PROTOTYPES = YES;
				CLANG_WARN_SUSPICIOUS_MOVE = YES;
				CLANG_WARN_UNGUARDED_AVAILABILITY = YES_AGGRESSIVE;
				CLANG_WARN_UNREACHABLE_CODE = YES;
				CLANG_WARN__DUPLICATE_METHOD_MATCH = YES;
				COPY_PHASE_STRIP = NO;
				DEBUG_INFORMATION_FORMAT = "dwarf-with-dsym";
				ENABLE_NS_ASSERTIONS = NO;
				ENABLE_STRICT_OBJC_MSGSEND = YES;
				ENABLE_USER_SCRIPT_SANDBOXING = YES;
				GCC_C_LANGUAGE_STANDARD = gnu17;
				GCC_NO_COMMON_BLOCKS = YES;
				GCC_WARN_64_TO_32_BIT_CONVERSION = YES;
				GCC_WARN_ABOUT_RETURN_TYPE = YES_ERROR;
				GCC_WARN_UNDECLARED_SELECTOR = YES;
				GCC_WARN_UNINITIALIZED_AUTOS = YES_AGGRESSIVE;
				GCC_WARN_UNUSED_FUNCTION = YES;
				GCC_WARN_UNUSED_VARIABLE = YES;
				IPHONEOS_DEPLOYMENT_TARGET = 17.0;
				LOCALIZATION_PREFERS_STRING_CATALOGS = YES;
				MTL_ENABLE_DEBUG_INFO = NO;
				MTL_FAST_MATH = YES;
				SDKROOT = iphoneos;
				SWIFT_COMPILATION_MODE = wholemodule;
				VALIDATE_PRODUCT = YES;
			};
			name = Release;
		};
		EB7021D22AE68B6C00D9728F /* Debug */ = {
			isa = XCBuildConfiguration;
			buildSettings = {
				ASSETCATALOG_COMPILER_APPICON_NAME = AppIcon;
				ASSETCATALOG_COMPILER_GLOBAL_ACCENT_COLOR_NAME = AccentColor;
				CLANG_ENABLE_MODULES = YES;
				CODE_SIGN_STYLE = Automatic;
				CURRENT_PROJECT_VERSION = 1;
				DEVELOPMENT_ASSET_PATHS = "\"FireFocus/Preview Content\"";
				DEVELOPMENT_TEAM = TXA55YRPTR;
				ENABLE_PREVIEWS = YES;
				GENERATE_INFOPLIST_FILE = YES;
				INFOPLIST_KEY_UIApplicationSceneManifest_Generation = YES;
				INFOPLIST_KEY_UIApplicationSupportsIndirectInputEvents = YES;
				INFOPLIST_KEY_UILaunchScreen_Generation = YES;
				INFOPLIST_KEY_UISupportedInterfaceOrientations_iPad = "UIInterfaceOrientationPortrait UIInterfaceOrientationPortraitUpsideDown UIInterfaceOrientationLandscapeLeft UIInterfaceOrientationLandscapeRight";
				INFOPLIST_KEY_UISupportedInterfaceOrientations_iPhone = "UIInterfaceOrientationPortrait UIInterfaceOrientationLandscapeLeft UIInterfaceOrientationLandscapeRight";
				LD_RUNPATH_SEARCH_PATHS = (
					"$(inherited)",
					"@executable_path/Frameworks",
				);
				MARKETING_VERSION = 1.0;
				PRODUCT_BUNDLE_IDENTIFIER = artties.FieryFocus;
				PRODUCT_NAME = "$(TARGET_NAME)";
				SWIFT_EMIT_LOC_STRINGS = YES;
				SWIFT_OPTIMIZATION_LEVEL = "-Onone";
				SWIFT_VERSION = 5.0;
				TARGETED_DEVICE_FAMILY = "1,2";
			};
			name = Debug;
		};
		EB7021D32AE68B6C00D9728F /* Release */ = {
			isa = XCBuildConfiguration;
			buildSettings = {
				ASSETCATALOG_COMPILER_APPICON_NAME = AppIcon;
				ASSETCATALOG_COMPILER_GLOBAL_ACCENT_COLOR_NAME = AccentColor;
				CLANG_ENABLE_MODULES = YES;
				CODE_SIGN_STYLE = Automatic;
				CURRENT_PROJECT_VERSION = 1;
				DEVELOPMENT_ASSET_PATHS = "\"FireFocus/Preview Content\"";
				DEVELOPMENT_TEAM = TXA55YRPTR;
				ENABLE_PREVIEWS = YES;
				GENERATE_INFOPLIST_FILE = YES;
				INFOPLIST_KEY_UIApplicationSceneManifest_Generation = YES;
				INFOPLIST_KEY_UIApplicationSupportsIndirectInputEvents = YES;
				INFOPLIST_KEY_UILaunchScreen_Generation = YES;
				INFOPLIST_KEY_UISupportedInterfaceOrientations_iPad = "UIInterfaceOrientationPortrait UIInterfaceOrientationPortraitUpsideDown UIInterfaceOrientationLandscapeLeft UIInterfaceOrientationLandscapeRight";
				INFOPLIST_KEY_UISupportedInterfaceOrientations_iPhone = "UIInterfaceOrientationPortrait UIInterfaceOrientationLandscapeLeft UIInterfaceOrientationLandscapeRight";
				LD_RUNPATH_SEARCH_PATHS = (
					"$(inherited)",
					"@executable_path/Frameworks",
				);
				MARKETING_VERSION = 1.0;
				PRODUCT_BUNDLE_IDENTIFIER = artties.FieryFocus;
				PRODUCT_NAME = "$(TARGET_NAME)";
				SWIFT_EMIT_LOC_STRINGS = YES;
				SWIFT_VERSION = 5.0;
				TARGETED_DEVICE_FAMILY = "1,2";
			};
			name = Release;
		};
/* End XCBuildConfiguration section */

/* Begin XCConfigurationList section */
		EB7021BE2AE68B6A00D9728F /* Build configuration list for PBXProject "FieryFocus" */ = {
			isa = XCConfigurationList;
			buildConfigurations = (
				EB7021CF2AE68B6C00D9728F /* Debug */,
				EB7021D02AE68B6C00D9728F /* Release */,
			);
			defaultConfigurationIsVisible = 0;
			defaultConfigurationName = Release;
		};
		EB7021D12AE68B6C00D9728F /* Build configuration list for PBXNativeTarget "FieryFocus" */ = {
			isa = XCConfigurationList;
			buildConfigurations = (
				EB7021D22AE68B6C00D9728F /* Debug */,
				EB7021D32AE68B6C00D9728F /* Release */,
			);
			defaultConfigurationIsVisible = 0;
			defaultConfigurationName = Release;
		};
/* End XCConfigurationList section */

/* Begin XCRemoteSwiftPackageReference section */
		EB7022042AE68C4100D9728F /* XCRemoteSwiftPackageReference "MCEmojiPicker" */ = {
			isa = XCRemoteSwiftPackageReference;
			repositoryURL = "https://github.com/izyumkin/MCEmojiPicker";
			requirement = {
				kind = upToNextMajorVersion;
				minimumVersion = 1.2.3;
			};
		};
/* End XCRemoteSwiftPackageReference section */

/* Begin XCSwiftPackageProductDependency section */
		EB7022052AE68C4100D9728F /* MCEmojiPicker */ = {
			isa = XCSwiftPackageProductDependency;
			package = EB7022042AE68C4100D9728F /* XCRemoteSwiftPackageReference "MCEmojiPicker" */;
			productName = MCEmojiPicker;
		};
/* End XCSwiftPackageProductDependency section */
	};
	rootObject = EB7021BB2AE68B6A00D9728F /* Project object */;
}
